
Microsoft Visual Studio Solution File, Format Version 12.00
# Visual Studio Version 16
VisualStudioVersion = 25.0.1706.3
MinimumVisualStudioVersion = 10.0.40219.1
Project("{FAE04EC0-301F-11D3-BF4B-00C04F79EFBC}") = "HotelTest2", "HotelTest2\HotelTest2.csproj", "{42F16590-0531-402C-9C9E-4B3E5CE5FEB4}"
EndProject
Global
	GlobalSection(SolutionConfigurationPlatforms) = preSolution
		Debug|Any CPU = Debug|Any CPU
		Release|Any CPU = Release|Any CPU
	EndGlobalSection
	GlobalSection(ProjectConfigurationPlatforms) = postSolution
		{42F16590-0531-402C-9C9E-4B3E5CE5FEB4}.Debug|Any CPU.ActiveCfg = Debug|Any CPU
		{42F16590-0531-402C-9C9E-4B3E5CE5FEB4}.Debug|Any CPU.Build.0 = Debug|Any CPU
		{42F16590-0531-402C-9C9E-4B3E5CE5FEB4}.Release|Any CPU.ActiveCfg = Release|Any CPU
		{42F16590-0531-402C-9C9E-4B3E5CE5FEB4}.Release|Any CPU.Build.0 = Release|Any CPU
	EndGlobalSection
	GlobalSection(SolutionProperties) = preSolution
		HideSolutionNode = FALSE
	EndGlobalSection
	GlobalSection(ExtensibilityGlobals) = postSolution
		SolutionGuid = {7E4A8003-0EA9-4898-9CB7-CBF87B5D79E2}
	EndGlobalSection
EndGlobal
